
Microsoft Visual Studio Solution File, Format Version 12.00
# Visual Studio Version 16
VisualStudioVersion = 16.0.30804.86
MinimumVisualStudioVersion = 10.0.40219.1
Project("{FAE04EC0-301F-11D3-BF4B-00C04F79EFBC}") = "Game16", "Game16\Game16.csproj", "{38EEA60B-41A8-45E6-B05D-F9054CB53BB0}"
EndProject
Global
	GlobalSection(SolutionConfigurationPlatforms) = preSolution
		Debug|Any CPU = Debug|Any CPU
		Release|Any CPU = Release|Any CPU
	EndGlobalSection
	GlobalSection(ProjectConfigurationPlatforms) = postSolution
		{38EEA60B-41A8-45E6-B05D-F9054CB53BB0}.Debug|Any CPU.ActiveCfg = Debug|Any CPU
		{38EEA60B-41A8-45E6-B05D-F9054CB53BB0}.Debug|Any CPU.Build.0 = Debug|Any CPU
		{38EEA60B-41A8-45E6-B05D-F9054CB53BB0}.Release|Any CPU.ActiveCfg = Release|Any CPU
		{38EEA60B-41A8-45E6-B05D-F9054CB53BB0}.Release|Any CPU.Build.0 = Release|Any CPU
	EndGlobalSection
	GlobalSection(SolutionProperties) = preSolution
		HideSolutionNode = FALSE
	EndGlobalSection
	GlobalSection(ExtensibilityGlobals) = postSolution
		SolutionGuid = {ED719EB8-B8C7-47CD-9127-DE9B5A0D8680}
	EndGlobalSection
EndGlobal
